{
  "nodes": {
    "nixpkgs": {
      "locked": {
        "lastModified": 1655000332,
        "narHash": "sha256-G4rs6nRox0146D6uI+zLxl8PwKXEO4PngyNXtY82DJI=",
        "owner": "nixos",
        "repo": "nixpkgs",
        "rev": "d64abb978cc2fa4b88b074a64d1b456183c8db17",
        "type": "github"
      },
      "original": {
        "owner": "nixos",
        "ref": "nixos-unstable-small",
        "repo": "nixpkgs",
        "type": "github"
      }
    },
    "root": {
      "inputs": {
        "nixpkgs": "nixpkgs"
      }
    }
  },
  "root": "root",
  "version": 7
}
