{
  "nodes": {
    "nixpkgs": {
      "locked": {
        "lastModified": 1673521280,
        "narHash": "sha256-reRQlFyhWq6h1evzdjCnPPzhnqRjmzGDw4WHj4AS/UA=",
        "owner": "nixos",
        "repo": "nixpkgs",
        "rev": "23e2f33e5234bec07a7a0db95b7c2695802cb8ca",
        "type": "github"
      },
      "original": {
        "owner": "nixos",
        "ref": "nixos-unstable-small",
        "repo": "nixpkgs",
        "type": "github"
      }
    },
    "root": {
      "inputs": {
        "nixpkgs": "nixpkgs"
      }
    }
  },
  "root": "root",
  "version": 7
}
