{
  "nodes": {
    "nixpkgs": {
      "locked": {
        "lastModified": 1669323309,
        "narHash": "sha256-I098ayyJQvnkoJ2j5gBJPR1k3VSWtRjMfkRA1VqTSTg=",
        "owner": "nixos",
        "repo": "nixpkgs",
        "rev": "2da473132f8a6ccce1c70c33ad19c023431faa51",
        "type": "github"
      },
      "original": {
        "owner": "nixos",
        "ref": "nixos-unstable-small",
        "repo": "nixpkgs",
        "type": "github"
      }
    },
    "root": {
      "inputs": {
        "nixpkgs": "nixpkgs"
      }
    }
  },
  "root": "root",
  "version": 7
}
